
Microsoft Visual Studio Solution File, Format Version 12.00
# Visual Studio Version 17
VisualStudioVersion = 17.9.34616.47
MinimumVisualStudioVersion = 10.0.40219.1
Project("{FAE04EC0-301F-11D3-BF4B-00C04F79EFBC}") = "WebApiDeneme", "WebApiDeneme\WebApiDeneme.csproj", "{BDFAD98A-C7A6-4293-AF82-D8B8D466967E}"
EndProject
Project("{FAE04EC0-301F-11D3-BF4B-00C04F79EFBC}") = "Entities", "Entities\Entities.csproj", "{5D26D7DA-E0FD-4292-AE58-D53601BB4BEB}"
EndProject
Project("{FAE04EC0-301F-11D3-BF4B-00C04F79EFBC}") = "Business", "Business\Business.csproj", "{06A499A9-A641-453B-AD8C-63ACF09F6C58}"
EndProject
Project("{FAE04EC0-301F-11D3-BF4B-00C04F79EFBC}") = "DataAccess", "DataAccess\DataAccess.csproj", "{FB181DD8-E9BA-4710-B342-C94DDE34ECAC}"
EndProject
Project("{FAE04EC0-301F-11D3-BF4B-00C04F79EFBC}") = "Core", "Core\Core.csproj", "{FC22EE7B-C271-4037-B3C0-024268F659FD}"
EndProject
Global
	GlobalSection(SolutionConfigurationPlatforms) = preSolution
		Debug|Any CPU = Debug|Any CPU
		Release|Any CPU = Release|Any CPU
	EndGlobalSection
	GlobalSection(ProjectConfigurationPlatforms) = postSolution
		{BDFAD98A-C7A6-4293-AF82-D8B8D466967E}.Debug|Any CPU.ActiveCfg = Debug|Any CPU
		{BDFAD98A-C7A6-4293-AF82-D8B8D466967E}.Debug|Any CPU.Build.0 = Debug|Any CPU
		{BDFAD98A-C7A6-4293-AF82-D8B8D466967E}.Release|Any CPU.ActiveCfg = Release|Any CPU
		{BDFAD98A-C7A6-4293-AF82-D8B8D466967E}.Release|Any CPU.Build.0 = Release|Any CPU
		{5D26D7DA-E0FD-4292-AE58-D53601BB4BEB}.Debug|Any CPU.ActiveCfg = Debug|Any CPU
		{5D26D7DA-E0FD-4292-AE58-D53601BB4BEB}.Debug|Any CPU.Build.0 = Debug|Any CPU
		{5D26D7DA-E0FD-4292-AE58-D53601BB4BEB}.Release|Any CPU.ActiveCfg = Release|Any CPU
		{5D26D7DA-E0FD-4292-AE58-D53601BB4BEB}.Release|Any CPU.Build.0 = Release|Any CPU
		{06A499A9-A641-453B-AD8C-63ACF09F6C58}.Debug|Any CPU.ActiveCfg = Debug|Any CPU
		{06A499A9-A641-453B-AD8C-63ACF09F6C58}.Debug|Any CPU.Build.0 = Debug|Any CPU
		{06A499A9-A641-453B-AD8C-63ACF09F6C58}.Release|Any CPU.ActiveCfg = Release|Any CPU
		{06A499A9-A641-453B-AD8C-63ACF09F6C58}.Release|Any CPU.Build.0 = Release|Any CPU
		{FB181DD8-E9BA-4710-B342-C94DDE34ECAC}.Debug|Any CPU.ActiveCfg = Debug|Any CPU
		{FB181DD8-E9BA-4710-B342-C94DDE34ECAC}.Debug|Any CPU.Build.0 = Debug|Any CPU
		{FB181DD8-E9BA-4710-B342-C94DDE34ECAC}.Release|Any CPU.ActiveCfg = Release|Any CPU
		{FB181DD8-E9BA-4710-B342-C94DDE34ECAC}.Release|Any CPU.Build.0 = Release|Any CPU
		{FC22EE7B-C271-4037-B3C0-024268F659FD}.Debug|Any CPU.ActiveCfg = Debug|Any CPU
		{FC22EE7B-C271-4037-B3C0-024268F659FD}.Debug|Any CPU.Build.0 = Debug|Any CPU
		{FC22EE7B-C271-4037-B3C0-024268F659FD}.Release|Any CPU.ActiveCfg = Release|Any CPU
		{FC22EE7B-C271-4037-B3C0-024268F659FD}.Release|Any CPU.Build.0 = Release|Any CPU
	EndGlobalSection
	GlobalSection(SolutionProperties) = preSolution
		HideSolutionNode = FALSE
	EndGlobalSection
	GlobalSection(ExtensibilityGlobals) = postSolution
		SolutionGuid = {99BE37B0-2B25-4BA8-9835-4952EDA4A857}
	EndGlobalSection
EndGlobal
